
Microsoft Visual Studio Solution File, Format Version 12.00
# Visual Studio 2013
VisualStudioVersion = 12.0.31101.0
MinimumVisualStudioVersion = 10.0.40219.1
Project("{8BC9CEB8-8B4A-11D0-8D11-00A0C91BC942}") = "PortTest", "PortTest\PortTest.vcxproj", "{2C3D9BA0-5C53-411E-825B-5C5CD84E53DC}"
EndProject
Global
	GlobalSection(SolutionConfigurationPlatforms) = preSolution
		Debug|Win32 = Debug|Win32
		Release|Win32 = Release|Win32
	EndGlobalSection
	GlobalSection(ProjectConfigurationPlatforms) = postSolution
		{2C3D9BA0-5C53-411E-825B-5C5CD84E53DC}.Debug|Win32.ActiveCfg = Debug|Win32
		{2C3D9BA0-5C53-411E-825B-5C5CD84E53DC}.Debug|Win32.Build.0 = Debug|Win32
		{2C3D9BA0-5C53-411E-825B-5C5CD84E53DC}.Release|Win32.ActiveCfg = Release|Win32
		{2C3D9BA0-5C53-411E-825B-5C5CD84E53DC}.Release|Win32.Build.0 = Release|Win32
	EndGlobalSection
	GlobalSection(SolutionProperties) = preSolution
		HideSolutionNode = FALSE
	EndGlobalSection
EndGlobal
